
Microsoft Visual Studio Solution File, Format Version 12.00
# Visual Studio Version 17
VisualStudioVersion = 17.13.35931.197 d17.13
MinimumVisualStudioVersion = 10.0.40219.1
Project("{2150E333-8FDC-42A3-9474-1A3956D46DE8}") = "UI", "UI", "{02EA681E-C7D8-13C7-8484-4AC65E1B71E8}"
EndProject
Project("{2150E333-8FDC-42A3-9474-1A3956D46DE8}") = "BackEnd", "BackEnd", "{75FE0D9E-D73D-476A-99A2-9246D33ECB6D}"
EndProject
Project("{2150E333-8FDC-42A3-9474-1A3956D46DE8}") = "UnitTest", "UnitTest", "{0097419E-38AC-49DF-8DC3-CE4F91193E0C}"
EndProject
Project("{FAE04EC0-301F-11D3-BF4B-00C04F79EFBC}") = "ePizzaHubUI", "ePizzaHubUI\ePizzaHubUI.csproj", "{03BCC008-80F0-4D72-8958-5722BDE836E9}"
EndProject
Project("{2150E333-8FDC-42A3-9474-1A3956D46DE8}") = "API", "API", "{875FEF9C-9C30-4CEC-9725-E2EB50B4ECD1}"
EndProject
Project("{FAE04EC0-301F-11D3-BF4B-00C04F79EFBC}") = "ePizzaHub.API", "ePizzaHub.API\ePizzaHub.API.csproj", "{493D7ED6-A619-4E36-9220-752E2A074D9C}"
EndProject
Project("{2150E333-8FDC-42A3-9474-1A3956D46DE8}") = "Core", "Core", "{7B02D062-9788-4718-879D-41B3020014AE}"
EndProject
Project("{2150E333-8FDC-42A3-9474-1A3956D46DE8}") = "Infrastructure", "Infrastructure", "{5C5126D5-6037-4740-B5C2-E9952809BA5A}"
EndProject
Project("{FAE04EC0-301F-11D3-BF4B-00C04F79EFBC}") = "ePizzHub.Infrastructure", "ePizzHub.Infrastructure\ePizzHub.Infrastructure.csproj", "{FE3273C3-E782-423D-B7E9-BBF7525E5A0E}"
EndProject
Project("{FAE04EC0-301F-11D3-BF4B-00C04F79EFBC}") = "ePizzaHub.Core", "ePizzaHub.Core\ePizzaHub.Core.csproj", "{A09C6CD2-E105-41FA-9A9C-AF9534EBF4D6}"
EndProject
Project("{FAE04EC0-301F-11D3-BF4B-00C04F79EFBC}") = "ePizzaHub.Models", "ePizzaHub.Models\ePizzaHub.Models.csproj", "{3686BF9B-4DE2-4023-8482-9EA8E836C06A}"
EndProject
Project("{FAE04EC0-301F-11D3-BF4B-00C04F79EFBC}") = "ePizzaHub.Repositories", "ePizzaHub.Repositories\ePizzaHub.Repositories.csproj", "{3E44530C-7204-40A6-9B0B-5C864D31F8D9}"
EndProject
Global
	GlobalSection(SolutionConfigurationPlatforms) = preSolution
		Debug|Any CPU = Debug|Any CPU
		Release|Any CPU = Release|Any CPU
	EndGlobalSection
	GlobalSection(ProjectConfigurationPlatforms) = postSolution
		{03BCC008-80F0-4D72-8958-5722BDE836E9}.Debug|Any CPU.ActiveCfg = Debug|Any CPU
		{03BCC008-80F0-4D72-8958-5722BDE836E9}.Debug|Any CPU.Build.0 = Debug|Any CPU
		{03BCC008-80F0-4D72-8958-5722BDE836E9}.Release|Any CPU.ActiveCfg = Release|Any CPU
		{03BCC008-80F0-4D72-8958-5722BDE836E9}.Release|Any CPU.Build.0 = Release|Any CPU
		{493D7ED6-A619-4E36-9220-752E2A074D9C}.Debug|Any CPU.ActiveCfg = Debug|Any CPU
		{493D7ED6-A619-4E36-9220-752E2A074D9C}.Debug|Any CPU.Build.0 = Debug|Any CPU
		{493D7ED6-A619-4E36-9220-752E2A074D9C}.Release|Any CPU.ActiveCfg = Release|Any CPU
		{493D7ED6-A619-4E36-9220-752E2A074D9C}.Release|Any CPU.Build.0 = Release|Any CPU
		{FE3273C3-E782-423D-B7E9-BBF7525E5A0E}.Debug|Any CPU.ActiveCfg = Debug|Any CPU
		{FE3273C3-E782-423D-B7E9-BBF7525E5A0E}.Debug|Any CPU.Build.0 = Debug|Any CPU
		{FE3273C3-E782-423D-B7E9-BBF7525E5A0E}.Release|Any CPU.ActiveCfg = Release|Any CPU
		{FE3273C3-E782-423D-B7E9-BBF7525E5A0E}.Release|Any CPU.Build.0 = Release|Any CPU
		{A09C6CD2-E105-41FA-9A9C-AF9534EBF4D6}.Debug|Any CPU.ActiveCfg = Debug|Any CPU
		{A09C6CD2-E105-41FA-9A9C-AF9534EBF4D6}.Debug|Any CPU.Build.0 = Debug|Any CPU
		{A09C6CD2-E105-41FA-9A9C-AF9534EBF4D6}.Release|Any CPU.ActiveCfg = Release|Any CPU
		{A09C6CD2-E105-41FA-9A9C-AF9534EBF4D6}.Release|Any CPU.Build.0 = Release|Any CPU
		{3686BF9B-4DE2-4023-8482-9EA8E836C06A}.Debug|Any CPU.ActiveCfg = Debug|Any CPU
		{3686BF9B-4DE2-4023-8482-9EA8E836C06A}.Debug|Any CPU.Build.0 = Debug|Any CPU
		{3686BF9B-4DE2-4023-8482-9EA8E836C06A}.Release|Any CPU.ActiveCfg = Release|Any CPU
		{3686BF9B-4DE2-4023-8482-9EA8E836C06A}.Release|Any CPU.Build.0 = Release|Any CPU
		{3E44530C-7204-40A6-9B0B-5C864D31F8D9}.Debug|Any CPU.ActiveCfg = Debug|Any CPU
		{3E44530C-7204-40A6-9B0B-5C864D31F8D9}.Debug|Any CPU.Build.0 = Debug|Any CPU
		{3E44530C-7204-40A6-9B0B-5C864D31F8D9}.Release|Any CPU.ActiveCfg = Release|Any CPU
		{3E44530C-7204-40A6-9B0B-5C864D31F8D9}.Release|Any CPU.Build.0 = Release|Any CPU
	EndGlobalSection
	GlobalSection(SolutionProperties) = preSolution
		HideSolutionNode = FALSE
	EndGlobalSection
	GlobalSection(NestedProjects) = preSolution
		{03BCC008-80F0-4D72-8958-5722BDE836E9} = {02EA681E-C7D8-13C7-8484-4AC65E1B71E8}
		{875FEF9C-9C30-4CEC-9725-E2EB50B4ECD1} = {75FE0D9E-D73D-476A-99A2-9246D33ECB6D}
		{493D7ED6-A619-4E36-9220-752E2A074D9C} = {875FEF9C-9C30-4CEC-9725-E2EB50B4ECD1}
		{7B02D062-9788-4718-879D-41B3020014AE} = {75FE0D9E-D73D-476A-99A2-9246D33ECB6D}
		{5C5126D5-6037-4740-B5C2-E9952809BA5A} = {75FE0D9E-D73D-476A-99A2-9246D33ECB6D}
		{FE3273C3-E782-423D-B7E9-BBF7525E5A0E} = {5C5126D5-6037-4740-B5C2-E9952809BA5A}
		{A09C6CD2-E105-41FA-9A9C-AF9534EBF4D6} = {7B02D062-9788-4718-879D-41B3020014AE}
		{3686BF9B-4DE2-4023-8482-9EA8E836C06A} = {7B02D062-9788-4718-879D-41B3020014AE}
		{3E44530C-7204-40A6-9B0B-5C864D31F8D9} = {5C5126D5-6037-4740-B5C2-E9952809BA5A}
	EndGlobalSection
	GlobalSection(ExtensibilityGlobals) = postSolution
		SolutionGuid = {45F639FE-3F7A-4DC1-A6E9-A44F475BCF2E}
	EndGlobalSection
EndGlobal
